{
  "requires": true,
  "lockfileVersion": 1,
  "dependencies": {
    "events": {
      "version": "1.1.1",
      "resolved": "https://registry.npmjs.org/events/-/events-1.1.1.tgz",
      "integrity": "sha1-nr23Y1rQmccNzEwqH1AEKI6L2SQ="
    },
    "nativescript-xml2js": {
      "version": "0.5.2",
      "resolved": "https://registry.npmjs.org/nativescript-xml2js/-/nativescript-xml2js-0.5.2.tgz",
      "integrity": "sha1-HbNEXI2QC0MZIgIJ4uQTtIptWVY=",
      "requires": {
        "events": "~1.1.1",
        "sax": ">=0.6.0",
        "xmlbuilder": "^8.2.0"
      }
    },
    "sax": {
      "version": "1.2.4",
      "resolved": "https://registry.npmjs.org/sax/-/sax-1.2.4.tgz",
      "integrity": "sha512-NqVDv9TpANUjFm0N8uM5GxL36UgKi9/atZw+x7YFnQ8ckwFGKrl4xX4yWtrey3UJm5nP1kUbnYgLopqWNSRhWw=="
    },
    "xmlbuilder": {
      "version": "8.2.2",
      "resolved": "https://registry.npmjs.org/xmlbuilder/-/xmlbuilder-8.2.2.tgz",
      "integrity": "sha1-aSSGc0ELS6QuGmE2VR0pIjNap3M="
    }
  }
}
